// !$*UTF8*$!
{
	archiveVersion = 1;
	classes = {
	};
	objectVersion = 46;
	objects = {

/* Begin PBXBuildFile section */
		2C0E27A51DEC31BE00E7AE7D /* Assets.xcassets in Resources */ = {isa = PBXBuildFile; fileRef = 2C0E27A41DEC31BE00E7AE7D /* Assets.xcassets */; };
		2C18387B1E4311C700EFC2F6 /* RightTableViewCell.swift in Sources */ = {isa = PBXBuildFile; fileRef = 2C18387A1E4311C700EFC2F6 /* RightTableViewCell.swift */; };
		2C1AE3BD1E482C4600403E3F /* UnitStruct.swift in Sources */ = {isa = PBXBuildFile; fileRef = 2C1AE3BC1E482C4600403E3F /* UnitStruct.swift */; };
		2C1AE3BF1E5A9ED100403E3F /* Distance.swift in Sources */ = {isa = PBXBuildFile; fileRef = 2C1AE3BE1E5A9ED100403E3F /* Distance.swift */; };
		2C1AE3C11E5D434E00403E3F /* Area.swift in Sources */ = {isa = PBXBuildFile; fileRef = 2C1AE3C01E5D434E00403E3F /* Area.swift */; };
		2C1AE3C31E5D6DFA00403E3F /* UnitObjects.swift in Sources */ = {isa = PBXBuildFile; fileRef = 2C1AE3C21E5D6DFA00403E3F /* UnitObjects.swift */; };
		2C1AE3C51E5FD93D00403E3F /* Volume.swift in Sources */ = {isa = PBXBuildFile; fileRef = 2C1AE3C41E5FD93D00403E3F /* Volume.swift */; };
		2C1AE3C71E6010ED00403E3F /* Mass.swift in Sources */ = {isa = PBXBuildFile; fileRef = 2C1AE3C61E6010ED00403E3F /* Mass.swift */; };
		2C1AE3C91E60172D00403E3F /* Angle.swift in Sources */ = {isa = PBXBuildFile; fileRef = 2C1AE3C81E60172D00403E3F /* Angle.swift */; };
		2C1AE3CB1E60199100403E3F /* Acceleration.swift in Sources */ = {isa = PBXBuildFile; fileRef = 2C1AE3CA1E60199100403E3F /* Acceleration.swift */; };
		2C337F2C1E09258500B72938 /* Calculation.swift in Sources */ = {isa = PBXBuildFile; fileRef = 2C337F2B1E09258500B72938 /* Calculation.swift */; };
		2C337F2E1E0CCBEF00B72938 /* LeftTableViewCell.swift in Sources */ = {isa = PBXBuildFile; fileRef = 2C337F2D1E0CCBEF00B72938 /* LeftTableViewCell.swift */; };
		2C337F301E0CCF2C00B72938 /* UnitRecord.swift in Sources */ = {isa = PBXBuildFile; fileRef = 2C337F2F1E0CCF2C00B72938 /* UnitRecord.swift */; };
		2CD48D1C1E6131940037FA19 /* Concentration.swift in Sources */ = {isa = PBXBuildFile; fileRef = 2CD48D1B1E6131940037FA19 /* Concentration.swift */; };
		2CD48D1E1E616D3B0037FA19 /* Dispersion.swift in Sources */ = {isa = PBXBuildFile; fileRef = 2CD48D1D1E616D3B0037FA19 /* Dispersion.swift */; };
		2CD48D201E6194EF0037FA19 /* Duration.swift in Sources */ = {isa = PBXBuildFile; fileRef = 2CD48D1F1E6194EF0037FA19 /* Duration.swift */; };
		2CD48D221E6198C70037FA19 /* Charge.swift in Sources */ = {isa = PBXBuildFile; fileRef = 2CD48D211E6198C70037FA19 /* Charge.swift */; };
		2CD48D241E61A16D0037FA19 /* Current.swift in Sources */ = {isa = PBXBuildFile; fileRef = 2CD48D231E61A16D0037FA19 /* Current.swift */; };
		2CD48D261E61A45E0037FA19 /* Voltage.swift in Sources */ = {isa = PBXBuildFile; fileRef = 2CD48D251E61A45E0037FA19 /* Voltage.swift */; };
		2CD48D281E61A7E00037FA19 /* Resistance.swift in Sources */ = {isa = PBXBuildFile; fileRef = 2CD48D271E61A7E00037FA19 /* Resistance.swift */; };
		2CD48D2A1E61B6480037FA19 /* Energy.swift in Sources */ = {isa = PBXBuildFile; fileRef = 2CD48D291E61B6480037FA19 /* Energy.swift */; };
		2CD48D2C1E61B93C0037FA19 /* Frequency.swift in Sources */ = {isa = PBXBuildFile; fileRef = 2CD48D2B1E61B93C0037FA19 /* Frequency.swift */; };
		2CD48D321E61C15C0037FA19 /* Power.swift in Sources */ = {isa = PBXBuildFile; fileRef = 2CD48D311E61C15C0037FA19 /* Power.swift */; };
		2CD48D341E61CA4A0037FA19 /* Pressure.swift in Sources */ = {isa = PBXBuildFile; fileRef = 2CD48D331E61CA4A0037FA19 /* Pressure.swift */; };
		2CD48D361E61CD1A0037FA19 /* Speed.swift in Sources */ = {isa = PBXBuildFile; fileRef = 2CD48D351E61CD1A0037FA19 /* Speed.swift */; };
		2CD48D381E61CF490037FA19 /* Temperature.swift in Sources */ = {isa = PBXBuildFile; fileRef = 2CD48D371E61CF490037FA19 /* Temperature.swift */; };
		2CD902C61DE43BCF0045B09F /* AppDelegate.swift in Sources */ = {isa = PBXBuildFile; fileRef = 2CD902C51DE43BCF0045B09F /* AppDelegate.swift */; };
		2CD902C81DE43BCF0045B09F /* ViewController.swift in Sources */ = {isa = PBXBuildFile; fileRef = 2CD902C71DE43BCF0045B09F /* ViewController.swift */; };
		2CD902CB1DE43BCF0045B09F /* Main.storyboard in Resources */ = {isa = PBXBuildFile; fileRef = 2CD902C91DE43BCF0045B09F /* Main.storyboard */; };
		2CD902D01DE43BCF0045B09F /* LaunchScreen.storyboard in Resources */ = {isa = PBXBuildFile; fileRef = 2CD902CE1DE43BCF0045B09F /* LaunchScreen.storyboard */; };
		2CD902D81DE57D050045B09F /* CollectionViewCell.swift in Sources */ = {isa = PBXBuildFile; fileRef = 2CD902D71DE57D050045B09F /* CollectionViewCell.swift */; };
/* End PBXBuildFile section */

/* Begin PBXFileReference section */
		2C0E27A41DEC31BE00E7AE7D /* Assets.xcassets */ = {isa = PBXFileReference; lastKnownFileType = folder.assetcatalog; path = Assets.xcassets; sourceTree = "<group>"; };
		2C18387A1E4311C700EFC2F6 /* RightTableViewCell.swift */ = {isa = PBXFileReference; fileEncoding = 4; lastKnownFileType = sourcecode.swift; path = RightTableViewCell.swift; sourceTree = "<group>"; };
		2C1AE3BC1E482C4600403E3F /* UnitStruct.swift */ = {isa = PBXFileReference; fileEncoding = 4; lastKnownFileType = sourcecode.swift; path = UnitStruct.swift; sourceTree = "<group>"; };
		2C1AE3BE1E5A9ED100403E3F /* Distance.swift */ = {isa = PBXFileReference; fileEncoding = 4; lastKnownFileType = sourcecode.swift; path = Distance.swift; sourceTree = "<group>"; };
		2C1AE3C01E5D434E00403E3F /* Area.swift */ = {isa = PBXFileReference; fileEncoding = 4; lastKnownFileType = sourcecode.swift; path = Area.swift; sourceTree = "<group>"; };
		2C1AE3C21E5D6DFA00403E3F /* UnitObjects.swift */ = {isa = PBXFileReference; fileEncoding = 4; lastKnownFileType = sourcecode.swift; path = UnitObjects.swift; sourceTree = "<group>"; };
		2C1AE3C41E5FD93D00403E3F /* Volume.swift */ = {isa = PBXFileReference; fileEncoding = 4; lastKnownFileType = sourcecode.swift; path = Volume.swift; sourceTree = "<group>"; };
		2C1AE3C61E6010ED00403E3F /* Mass.swift */ = {isa = PBXFileReference; fileEncoding = 4; lastKnownFileType = sourcecode.swift; name = Mass.swift; path = ../Mass.swift; sourceTree = "<group>"; };
		2C1AE3C81E60172D00403E3F /* Angle.swift */ = {isa = PBXFileReference; fileEncoding = 4; lastKnownFileType = sourcecode.swift; path = Angle.swift; sourceTree = "<group>"; };
		2C1AE3CA1E60199100403E3F /* Acceleration.swift */ = {isa = PBXFileReference; fileEncoding = 4; lastKnownFileType = sourcecode.swift; path = Acceleration.swift; sourceTree = "<group>"; };
		2C337F2B1E09258500B72938 /* Calculation.swift */ = {isa = PBXFileReference; fileEncoding = 4; lastKnownFileType = sourcecode.swift; path = Calculation.swift; sourceTree = "<group>"; };
		2C337F2D1E0CCBEF00B72938 /* LeftTableViewCell.swift */ = {isa = PBXFileReference; fileEncoding = 4; lastKnownFileType = sourcecode.swift; path = LeftTableViewCell.swift; sourceTree = "<group>"; };
		2C337F2F1E0CCF2C00B72938 /* UnitRecord.swift */ = {isa = PBXFileReference; fileEncoding = 4; lastKnownFileType = sourcecode.swift; path = UnitRecord.swift; sourceTree = "<group>"; };
		2CD48D1B1E6131940037FA19 /* Concentration.swift */ = {isa = PBXFileReference; fileEncoding = 4; lastKnownFileType = sourcecode.swift; path = Concentration.swift; sourceTree = "<group>"; };
		2CD48D1D1E616D3B0037FA19 /* Dispersion.swift */ = {isa = PBXFileReference; fileEncoding = 4; lastKnownFileType = sourcecode.swift; path = Dispersion.swift; sourceTree = "<group>"; };
		2CD48D1F1E6194EF0037FA19 /* Duration.swift */ = {isa = PBXFileReference; fileEncoding = 4; lastKnownFileType = sourcecode.swift; path = Duration.swift; sourceTree = "<group>"; };
		2CD48D211E6198C70037FA19 /* Charge.swift */ = {isa = PBXFileReference; fileEncoding = 4; lastKnownFileType = sourcecode.swift; path = Charge.swift; sourceTree = "<group>"; };
		2CD48D231E61A16D0037FA19 /* Current.swift */ = {isa = PBXFileReference; fileEncoding = 4; lastKnownFileType = sourcecode.swift; path = Current.swift; sourceTree = "<group>"; };
		2CD48D251E61A45E0037FA19 /* Voltage.swift */ = {isa = PBXFileReference; fileEncoding = 4; lastKnownFileType = sourcecode.swift; path = Voltage.swift; sourceTree = "<group>"; };
		2CD48D271E61A7E00037FA19 /* Resistance.swift */ = {isa = PBXFileReference; fileEncoding = 4; lastKnownFileType = sourcecode.swift; path = Resistance.swift; sourceTree = "<group>"; };
		2CD48D291E61B6480037FA19 /* Energy.swift */ = {isa = PBXFileReference; fileEncoding = 4; lastKnownFileType = sourcecode.swift; path = Energy.swift; sourceTree = "<group>"; };
		2CD48D2B1E61B93C0037FA19 /* Frequency.swift */ = {isa = PBXFileReference; fileEncoding = 4; lastKnownFileType = sourcecode.swift; path = Frequency.swift; sourceTree = "<group>"; };
		2CD48D311E61C15C0037FA19 /* Power.swift */ = {isa = PBXFileReference; fileEncoding = 4; lastKnownFileType = sourcecode.swift; path = Power.swift; sourceTree = "<group>"; };
		2CD48D331E61CA4A0037FA19 /* Pressure.swift */ = {isa = PBXFileReference; fileEncoding = 4; lastKnownFileType = sourcecode.swift; path = Pressure.swift; sourceTree = "<group>"; };
		2CD48D351E61CD1A0037FA19 /* Speed.swift */ = {isa = PBXFileReference; fileEncoding = 4; lastKnownFileType = sourcecode.swift; path = Speed.swift; sourceTree = "<group>"; };
		2CD48D371E61CF490037FA19 /* Temperature.swift */ = {isa = PBXFileReference; fileEncoding = 4; lastKnownFileType = sourcecode.swift; path = Temperature.swift; sourceTree = "<group>"; };
		2CD902C21DE43BCF0045B09F /* UnitConvertor.app */ = {isa = PBXFileReference; explicitFileType = wrapper.application; includeInIndex = 0; path = UnitConvertor.app; sourceTree = BUILT_PRODUCTS_DIR; };
		2CD902C51DE43BCF0045B09F /* AppDelegate.swift */ = {isa = PBXFileReference; lastKnownFileType = sourcecode.swift; path = AppDelegate.swift; sourceTree = "<group>"; };
		2CD902C71DE43BCF0045B09F /* ViewController.swift */ = {isa = PBXFileReference; lastKnownFileType = sourcecode.swift; path = ViewController.swift; sourceTree = "<group>"; };
		2CD902CA1DE43BCF0045B09F /* Base */ = {isa = PBXFileReference; lastKnownFileType = file.storyboard; name = Base; path = Base.lproj/Main.storyboard; sourceTree = "<group>"; };
		2CD902CF1DE43BCF0045B09F /* Base */ = {isa = PBXFileReference; lastKnownFileType = file.storyboard; name = Base; path = Base.lproj/LaunchScreen.storyboard; sourceTree = "<group>"; };
		2CD902D11DE43BCF0045B09F /* Info.plist */ = {isa = PBXFileReference; lastKnownFileType = text.plist.xml; path = Info.plist; sourceTree = "<group>"; };
		2CD902D71DE57D050045B09F /* CollectionViewCell.swift */ = {isa = PBXFileReference; fileEncoding = 4; lastKnownFileType = sourcecode.swift; path = CollectionViewCell.swift; sourceTree = "<group>"; };
/* End PBXFileReference section */

/* Begin PBXFrameworksBuildPhase section */
		2CD902BF1DE43BCF0045B09F /* Frameworks */ = {
			isa = PBXFrameworksBuildPhase;
			buildActionMask = 2147483647;
			files = (
			);
			runOnlyForDeploymentPostprocessing = 0;
		};
/* End PBXFrameworksBuildPhase section */

/* Begin PBXGroup section */
		2CD48D1A1E612E3E0037FA19 /* Elements */ = {
			isa = PBXGroup;
			children = (
				2C337F2F1E0CCF2C00B72938 /* UnitRecord.swift */,
				2C1AE3BE1E5A9ED100403E3F /* Distance.swift */,
				2C1AE3C01E5D434E00403E3F /* Area.swift */,
				2C1AE3C41E5FD93D00403E3F /* Volume.swift */,
				2C1AE3C61E6010ED00403E3F /* Mass.swift */,
				2C1AE3C81E60172D00403E3F /* Angle.swift */,
				2C1AE3CA1E60199100403E3F /* Acceleration.swift */,
				2CD48D1B1E6131940037FA19 /* Concentration.swift */,
				2CD48D1D1E616D3B0037FA19 /* Dispersion.swift */,
				2CD48D1F1E6194EF0037FA19 /* Duration.swift */,
				2CD48D211E6198C70037FA19 /* Charge.swift */,
				2CD48D231E61A16D0037FA19 /* Current.swift */,
				2CD48D251E61A45E0037FA19 /* Voltage.swift */,
				2CD48D271E61A7E00037FA19 /* Resistance.swift */,
				2CD48D291E61B6480037FA19 /* Energy.swift */,
				2CD48D2B1E61B93C0037FA19 /* Frequency.swift */,
				2CD48D311E61C15C0037FA19 /* Power.swift */,
				2CD48D331E61CA4A0037FA19 /* Pressure.swift */,
				2CD48D351E61CD1A0037FA19 /* Speed.swift */,
				2CD48D371E61CF490037FA19 /* Temperature.swift */,
			);
			name = Elements;
			sourceTree = "<group>";
		};
		2CD902B91DE43BCF0045B09F = {
			isa = PBXGroup;
			children = (
				2CD902C41DE43BCF0045B09F /* UnitConvertor */,
				2CD902C31DE43BCF0045B09F /* Products */,
			);
			sourceTree = "<group>";
		};
		2CD902C31DE43BCF0045B09F /* Products */ = {
			isa = PBXGroup;
			children = (
				2CD902C21DE43BCF0045B09F /* UnitConvertor.app */,
			);
			name = Products;
			sourceTree = "<group>";
		};
		2CD902C41DE43BCF0045B09F /* UnitConvertor */ = {
			isa = PBXGroup;
			children = (
				2CD902C51DE43BCF0045B09F /* AppDelegate.swift */,
				2C0E27A41DEC31BE00E7AE7D /* Assets.xcassets */,
				2CD902C71DE43BCF0045B09F /* ViewController.swift */,
				2CD902D71DE57D050045B09F /* CollectionViewCell.swift */,
				2C337F2D1E0CCBEF00B72938 /* LeftTableViewCell.swift */,
				2C18387A1E4311C700EFC2F6 /* RightTableViewCell.swift */,
				2CD902C91DE43BCF0045B09F /* Main.storyboard */,
				2CD902CE1DE43BCF0045B09F /* LaunchScreen.storyboard */,
				2CD902D11DE43BCF0045B09F /* Info.plist */,
				2C337F2B1E09258500B72938 /* Calculation.swift */,
				2C1AE3BC1E482C4600403E3F /* UnitStruct.swift */,
				2C1AE3C21E5D6DFA00403E3F /* UnitObjects.swift */,
				2CD48D1A1E612E3E0037FA19 /* Elements */,
			);
			path = UnitConvertor;
			sourceTree = "<group>";
		};
/* End PBXGroup section */

/* Begin PBXNativeTarget section */
		2CD902C11DE43BCF0045B09F /* UnitConvertor */ = {
			isa = PBXNativeTarget;
			buildConfigurationList = 2CD902D41DE43BCF0045B09F /* Build configuration list for PBXNativeTarget "UnitConvertor" */;
			buildPhases = (
				2CD902BE1DE43BCF0045B09F /* Sources */,
				2CD902BF1DE43BCF0045B09F /* Frameworks */,
				2CD902C01DE43BCF0045B09F /* Resources */,
			);
			buildRules = (
			);
			dependencies = (
			);
			name = UnitConvertor;
			productName = UnitConvertor;
			productReference = 2CD902C21DE43BCF0045B09F /* UnitConvertor.app */;
			productType = "com.apple.product-type.application";
		};
/* End PBXNativeTarget section */

/* Begin PBXProject section */
		2CD902BA1DE43BCF0045B09F /* Project object */ = {
			isa = PBXProject;
			attributes = {
				LastSwiftUpdateCheck = 0810;
				LastUpgradeCheck = 0820;
				ORGANIZATIONNAME = "Jerry Chen";
				TargetAttributes = {
					2CD902C11DE43BCF0045B09F = {
						CreatedOnToolsVersion = 8.1;
						DevelopmentTeam = 9A94A63C7P;
						ProvisioningStyle = Automatic;
					};
				};
			};
			buildConfigurationList = 2CD902BD1DE43BCF0045B09F /* Build configuration list for PBXProject "UnitConvertor" */;
			compatibilityVersion = "Xcode 3.2";
			developmentRegion = English;
			hasScannedForEncodings = 0;
			knownRegions = (
				en,
				Base,
			);
			mainGroup = 2CD902B91DE43BCF0045B09F;
			productRefGroup = 2CD902C31DE43BCF0045B09F /* Products */;
			projectDirPath = "";
			projectRoot = "";
			targets = (
				2CD902C11DE43BCF0045B09F /* UnitConvertor */,
			);
		};
/* End PBXProject section */

/* Begin PBXResourcesBuildPhase section */
		2CD902C01DE43BCF0045B09F /* Resources */ = {
			isa = PBXResourcesBuildPhase;
			buildActionMask = 2147483647;
			files = (
				2CD902D01DE43BCF0045B09F /* LaunchScreen.storyboard in Resources */,
				2C0E27A51DEC31BE00E7AE7D /* Assets.xcassets in Resources */,
				2CD902CB1DE43BCF0045B09F /* Main.storyboard in Resources */,
			);
			runOnlyForDeploymentPostprocessing = 0;
		};
/* End PBXResourcesBuildPhase section */

/* Begin PBXSourcesBuildPhase section */
		2CD902BE1DE43BCF0045B09F /* Sources */ = {
			isa = PBXSourcesBuildPhase;
			buildActionMask = 2147483647;
			files = (
				2C1AE3C11E5D434E00403E3F /* Area.swift in Sources */,
				2C1AE3BF1E5A9ED100403E3F /* Distance.swift in Sources */,
				2CD48D341E61CA4A0037FA19 /* Pressure.swift in Sources */,
				2CD48D361E61CD1A0037FA19 /* Speed.swift in Sources */,
				2C1AE3BD1E482C4600403E3F /* UnitStruct.swift in Sources */,
				2C1AE3C51E5FD93D00403E3F /* Volume.swift in Sources */,
				2C1AE3CB1E60199100403E3F /* Acceleration.swift in Sources */,
				2CD48D1C1E6131940037FA19 /* Concentration.swift in Sources */,
				2CD48D221E6198C70037FA19 /* Charge.swift in Sources */,
				2C337F2E1E0CCBEF00B72938 /* LeftTableViewCell.swift in Sources */,
				2C1AE3C71E6010ED00403E3F /* Mass.swift in Sources */,
				2C18387B1E4311C700EFC2F6 /* RightTableViewCell.swift in Sources */,
				2CD902C81DE43BCF0045B09F /* ViewController.swift in Sources */,
				2CD48D241E61A16D0037FA19 /* Current.swift in Sources */,
				2CD48D281E61A7E00037FA19 /* Resistance.swift in Sources */,
				2CD902C61DE43BCF0045B09F /* AppDelegate.swift in Sources */,
				2C1AE3C91E60172D00403E3F /* Angle.swift in Sources */,
				2CD48D2A1E61B6480037FA19 /* Energy.swift in Sources */,
				2C337F301E0CCF2C00B72938 /* UnitRecord.swift in Sources */,
				2CD902D81DE57D050045B09F /* CollectionViewCell.swift in Sources */,
				2CD48D1E1E616D3B0037FA19 /* Dispersion.swift in Sources */,
				2CD48D201E6194EF0037FA19 /* Duration.swift in Sources */,
				2CD48D2C1E61B93C0037FA19 /* Frequency.swift in Sources */,
				2C337F2C1E09258500B72938 /* Calculation.swift in Sources */,
				2CD48D321E61C15C0037FA19 /* Power.swift in Sources */,
				2CD48D261E61A45E0037FA19 /* Voltage.swift in Sources */,
				2CD48D381E61CF490037FA19 /* Temperature.swift in Sources */,
				2C1AE3C31E5D6DFA00403E3F /* UnitObjects.swift in Sources */,
			);
			runOnlyForDeploymentPostprocessing = 0;
		};
/* End PBXSourcesBuildPhase section */

/* Begin PBXVariantGroup section */
		2CD902C91DE43BCF0045B09F /* Main.storyboard */ = {
			isa = PBXVariantGroup;
			children = (
				2CD902CA1DE43BCF0045B09F /* Base */,
			);
			name = Main.storyboard;
			sourceTree = "<group>";
		};
		2CD902CE1DE43BCF0045B09F /* LaunchScreen.storyboard */ = {
			isa = PBXVariantGroup;
			children = (
				2CD902CF1DE43BCF0045B09F /* Base */,
			);
			name = LaunchScreen.storyboard;
			sourceTree = "<group>";
		};
/* End PBXVariantGroup section */

/* Begin XCBuildConfiguration section */
		2CD902D21DE43BCF0045B09F /* Debug */ = {
			isa = XCBuildConfiguration;
			buildSettings = {
				ALWAYS_SEARCH_USER_PATHS = NO;
				CLANG_ANALYZER_NONNULL = YES;
				CLANG_CXX_LANGUAGE_STANDARD = "gnu++0x";
				CLANG_CXX_LIBRARY = "libc++";
				CLANG_ENABLE_MODULES = YES;
				CLANG_ENABLE_OBJC_ARC = YES;
				CLANG_WARN_BOOL_CONVERSION = YES;
				CLANG_WARN_CONSTANT_CONVERSION = YES;
				CLANG_WARN_DIRECT_OBJC_ISA_USAGE = YES_ERROR;
				CLANG_WARN_DOCUMENTATION_COMMENTS = YES;
				CLANG_WARN_EMPTY_BODY = YES;
				CLANG_WARN_ENUM_CONVERSION = YES;
				CLANG_WARN_INFINITE_RECURSION = YES;
				CLANG_WARN_INT_CONVERSION = YES;
				CLANG_WARN_OBJC_ROOT_CLASS = YES_ERROR;
				CLANG_WARN_SUSPICIOUS_MOVE = YES;
				CLANG_WARN_SUSPICIOUS_MOVES = YES;
				CLANG_WARN_UNREACHABLE_CODE = YES;
				CLANG_WARN__DUPLICATE_METHOD_MATCH = YES;
				"CODE_SIGN_IDENTITY[sdk=iphoneos*]" = "iPhone Developer";
				COPY_PHASE_STRIP = NO;
				DEBUG_INFORMATION_FORMAT = dwarf;
				ENABLE_STRICT_OBJC_MSGSEND = YES;
				ENABLE_TESTABILITY = YES;
				GCC_C_LANGUAGE_STANDARD = gnu99;
				GCC_DYNAMIC_NO_PIC = NO;
				GCC_NO_COMMON_BLOCKS = YES;
				GCC_OPTIMIZATION_LEVEL = 0;
				GCC_PREPROCESSOR_DEFINITIONS = (
					"DEBUG=1",
					"$(inherited)",
				);
				GCC_WARN_64_TO_32_BIT_CONVERSION = YES;
				GCC_WARN_ABOUT_RETURN_TYPE = YES_ERROR;
				GCC_WARN_UNDECLARED_SELECTOR = YES;
				GCC_WARN_UNINITIALIZED_AUTOS = YES_AGGRESSIVE;
				GCC_WARN_UNUSED_FUNCTION = YES;
				GCC_WARN_UNUSED_VARIABLE = YES;
				IPHONEOS_DEPLOYMENT_TARGET = 10.1;
				MTL_ENABLE_DEBUG_INFO = YES;
				ONLY_ACTIVE_ARCH = YES;
				SDKROOT = iphoneos;
				SWIFT_ACTIVE_COMPILATION_CONDITIONS = DEBUG;
				SWIFT_OPTIMIZATION_LEVEL = "-Onone";
				TARGETED_DEVICE_FAMILY = "1,2";
			};
			name = Debug;
		};
		2CD902D31DE43BCF0045B09F /* Release */ = {
			isa = XCBuildConfiguration;
			buildSettings = {
				ALWAYS_SEARCH_USER_PATHS = NO;
				CLANG_ANALYZER_NONNULL = YES;
				CLANG_CXX_LANGUAGE_STANDARD = "gnu++0x";
				CLANG_CXX_LIBRARY = "libc++";
				CLANG_ENABLE_MODULES = YES;
				CLANG_ENABLE_OBJC_ARC = YES;
				CLANG_WARN_BOOL_CONVERSION = YES;
				CLANG_WARN_CONSTANT_CONVERSION = YES;
				CLANG_WARN_DIRECT_OBJC_ISA_USAGE = YES_ERROR;
				CLANG_WARN_DOCUMENTATION_COMMENTS = YES;
				CLANG_WARN_EMPTY_BODY = YES;
				CLANG_WARN_ENUM_CONVERSION = YES;
				CLANG_WARN_INFINITE_RECURSION = YES;
				CLANG_WARN_INT_CONVERSION = YES;
				CLANG_WARN_OBJC_ROOT_CLASS = YES_ERROR;
				CLANG_WARN_SUSPICIOUS_MOVE = YES;
				CLANG_WARN_SUSPICIOUS_MOVES = YES;
				CLANG_WARN_UNREACHABLE_CODE = YES;
				CLANG_WARN__DUPLICATE_METHOD_MATCH = YES;
				"CODE_SIGN_IDENTITY[sdk=iphoneos*]" = "iPhone Developer";
				COPY_PHASE_STRIP = NO;
				DEBUG_INFORMATION_FORMAT = "dwarf-with-dsym";
				ENABLE_NS_ASSERTIONS = NO;
				ENABLE_STRICT_OBJC_MSGSEND = YES;
				GCC_C_LANGUAGE_STANDARD = gnu99;
				GCC_NO_COMMON_BLOCKS = YES;
				GCC_WARN_64_TO_32_BIT_CONVERSION = YES;
				GCC_WARN_ABOUT_RETURN_TYPE = YES_ERROR;
				GCC_WARN_UNDECLARED_SELECTOR = YES;
				GCC_WARN_UNINITIALIZED_AUTOS = YES_AGGRESSIVE;
				GCC_WARN_UNUSED_FUNCTION = YES;
				GCC_WARN_UNUSED_VARIABLE = YES;
				IPHONEOS_DEPLOYMENT_TARGET = 10.1;
				MTL_ENABLE_DEBUG_INFO = NO;
				SDKROOT = iphoneos;
				SWIFT_OPTIMIZATION_LEVEL = "-Owholemodule";
				TARGETED_DEVICE_FAMILY = "1,2";
				VALIDATE_PRODUCT = YES;
			};
			name = Release;
		};
		2CD902D51DE43BCF0045B09F /* Debug */ = {
			isa = XCBuildConfiguration;
			buildSettings = {
				ASSETCATALOG_COMPILER_APPICON_NAME = AppIcon;
				DEVELOPMENT_TEAM = 9A94A63C7P;
				INFOPLIST_FILE = UnitConvertor/Info.plist;
				LD_RUNPATH_SEARCH_PATHS = "$(inherited) @executable_path/Frameworks";
				PRODUCT_BUNDLE_IDENTIFIER = com.JDevelop.UnitConvertor;
				PRODUCT_NAME = "$(TARGET_NAME)";
				SWIFT_VERSION = 3.0;
			};
			name = Debug;
		};
		2CD902D61DE43BCF0045B09F /* Release */ = {
			isa = XCBuildConfiguration;
			buildSettings = {
				ASSETCATALOG_COMPILER_APPICON_NAME = AppIcon;
				DEVELOPMENT_TEAM = 9A94A63C7P;
				INFOPLIST_FILE = UnitConvertor/Info.plist;
				LD_RUNPATH_SEARCH_PATHS = "$(inherited) @executable_path/Frameworks";
				PRODUCT_BUNDLE_IDENTIFIER = com.JDevelop.UnitConvertor;
				PRODUCT_NAME = "$(TARGET_NAME)";
				SWIFT_VERSION = 3.0;
			};
			name = Release;
		};
/* End XCBuildConfiguration section */

/* Begin XCConfigurationList section */
		2CD902BD1DE43BCF0045B09F /* Build configuration list for PBXProject "UnitConvertor" */ = {
			isa = XCConfigurationList;
			buildConfigurations = (
				2CD902D21DE43BCF0045B09F /* Debug */,
				2CD902D31DE43BCF0045B09F /* Release */,
			);
			defaultConfigurationIsVisible = 0;
			defaultConfigurationName = Release;
		};
		2CD902D41DE43BCF0045B09F /* Build configuration list for PBXNativeTarget "UnitConvertor" */ = {
			isa = XCConfigurationList;
			buildConfigurations = (
				2CD902D51DE43BCF0045B09F /* Debug */,
				2CD902D61DE43BCF0045B09F /* Release */,
			);
			defaultConfigurationIsVisible = 0;
			defaultConfigurationName = Release;
		};
/* End XCConfigurationList section */
	};
	rootObject = 2CD902BA1DE43BCF0045B09F /* Project object */;
}
